# THIS IS AN AUTOGENERATED FILE. DO NOT EDIT THIS FILE DIRECTLY.
# yarn lockfile v1


balanced-match@^1.0.0:
  version "1.0.0"
  resolved "https://registry.npmjs.org/balanced-match/-/balanced-match-1.0.0.tgz"
  integrity sha1-ibTRmasr7kneFk6gK4nORi1xt2c=

brace-expansion@^1.1.7:
  version "1.1.8"
  resolved "https://registry.npmjs.org/brace-expansion/-/brace-expansion-1.1.8.tgz"
  integrity sha1-wHshHHyVLsH479Uad+8NHTmQopI=
  dependencies:
    balanced-match "^1.0.0"
    concat-map "0.0.1"

camel-case@3.0.x:
  version "3.0.0"
  resolved "https://registry.npmjs.org/camel-case/-/camel-case-3.0.0.tgz"
  integrity sha1-yjw2iKTpzzpM2nd9xNy8cTJJz3M=
  dependencies:
    no-case "^2.2.0"
    upper-case "^1.1.1"

checkup@~1.3.0:
  version "1.3.0"
  resolved "https://registry.npmjs.org/checkup/-/checkup-1.3.0.tgz"
  integrity sha1-04ACdv6l0PJH/8lRvnjIsC+ODXY=

clean-css@^4.1.6, clean-css@4.1.x:
  version "4.1.11"
  resolved "https://registry.npmjs.org/clean-css/-/clean-css-4.1.11.tgz"
  integrity sha1-Ls3xRaujj1R0DybO/Q/z4D4SXWo=
  dependencies:
    source-map "0.5.x"

cli@~1.0.0:
  version "1.0.1"
  resolved "https://registry.npmjs.org/cli/-/cli-1.0.1.tgz"
  integrity sha1-IoF1NPJL+klQw01TLUjsvGIbjBQ=
  dependencies:
    exit "0.1.2"
    glob "^7.1.1"

commander@~2.15.0, commander@2.15.x:
  version "2.15.1"
  resolved "https://registry.npmjs.org/commander/-/commander-2.15.1.tgz"
  integrity sha512-VlfT9F3V0v+jr4yxPc5gg9s62/fIVWsd2Bk2iD435um1NlGMYdVCq+MjcXnhYq2icNOizHr1kK+5TI6H0Hy0ag==

concat-map@0.0.1:
  version "0.0.1"
  resolved "https://registry.npmjs.org/concat-map/-/concat-map-0.0.1.tgz"
  integrity sha1-2Klr13/Wjfd5OnMDajug1UBdR3s=

console-browserify@1.1.x:
  version "1.1.0"
  resolved "https://registry.npmjs.org/console-browserify/-/console-browserify-1.1.0.tgz"
  integrity sha1-8CQcRXMKn8YyOyBtvzjtx0HQuxA=
  dependencies:
    date-now "^0.1.4"

core-util-is@~1.0.0:
  version "1.0.2"
  resolved "https://registry.npmjs.org/core-util-is/-/core-util-is-1.0.2.tgz"
  integrity sha1-tf1UIgqivFq1eqtxQMlAdUUDwac=

css-b64-images@~0.2.5:
  version "0.2.5"
  resolved "https://registry.npmjs.org/css-b64-images/-/css-b64-images-0.2.5.tgz"
  integrity sha1-QgBdgyBLK0pdk7axpWRBM7WSegI=

date-now@^0.1.4:
  version "0.1.4"
  resolved "https://registry.npmjs.org/date-now/-/date-now-0.1.4.tgz"
  integrity sha1-6vQ5/U1ISK105cx9vvIAZyueNFs=

debug@^2.3.0:
  version "2.6.9"
  resolved "https://registry.npmjs.org/debug/-/debug-2.6.9.tgz"
  integrity sha512-bC7ElrdJaJnPbAP+1EotYvqZsb3ecl5wi6Bfi6BJTUcNowp6cvspg0jXznRTKDjm/E7AdgFBVeAPVMNcKGsHMA==
  dependencies:
    ms "2.0.0"

debug@^3.0.0:
  version "3.1.0"
  resolved "https://registry.npmjs.org/debug/-/debug-3.1.0.tgz"
  integrity sha512-OX8XqP7/1a9cqkxYw2yXss15f26NKWBpDXQd0/uK/KPqdQhxbPa994hnzjcE2VqQpDslf55723cKPUOGSmMY3g==
  dependencies:
    ms "2.0.0"

dom-serializer@0:
  version "0.1.0"
  resolved "https://registry.npmjs.org/dom-serializer/-/dom-serializer-0.1.0.tgz"
  integrity sha1-BzxpdUbOB4DOI75KKOKT5AvDDII=
  dependencies:
    domelementtype "~1.1.1"
    entities "~1.1.1"

domelementtype@~1.1.1:
  version "1.1.3"
  resolved "https://registry.npmjs.org/domelementtype/-/domelementtype-1.1.3.tgz"
  integrity sha1-vSh3PiZCiBrsUVRJJCmcXNgiGFs=

domelementtype@1:
  version "1.3.0"
  resolved "https://registry.npmjs.org/domelementtype/-/domelementtype-1.3.0.tgz"
  integrity sha1-sXrtguirWeUt2cGbF1bg/BhyBMI=

domhandler@2.3:
  version "2.3.0"
  resolved "https://registry.npmjs.org/domhandler/-/domhandler-2.3.0.tgz"
  integrity sha1-LeWaCCLVAn+r/28DLCsloqir5zg=
  dependencies:
    domelementtype "1"

domutils@1.5:
  version "1.5.1"
  resolved "https://registry.npmjs.org/domutils/-/domutils-1.5.1.tgz"
  integrity sha1-3NhIiib1Y9YQeeSMn3t+Mjc2gs8=
  dependencies:
    dom-serializer "0"
    domelementtype "1"

entities@~1.1.1:
  version "1.1.1"
  resolved "https://registry.npmjs.org/entities/-/entities-1.1.1.tgz"
  integrity sha1-blwtClYhtdra7O+AuQ7ftc13cvA=

entities@1.0:
  version "1.0.0"
  resolved "https://registry.npmjs.org/entities/-/entities-1.0.0.tgz"
  integrity sha1-sph6o4ITR/zeZCsk/fyeT7cSvyY=

execon@^1.2.9, execon@~1.2.0:
  version "1.2.9"
  resolved "https://registry.npmjs.org/execon/-/execon-1.2.9.tgz"
  integrity sha1-bbETM9zIJPHxPnMX/tDZSi8mSR8=

exit@0.1.2, exit@0.1.x:
  version "0.1.2"
  resolved "https://registry.npmjs.org/exit/-/exit-0.1.2.tgz"
  integrity sha1-BjJjj42HfMghB9MKD/8aF8uhzQw=

fs.realpath@^1.0.0:
  version "1.0.0"
  resolved "https://registry.npmjs.org/fs.realpath/-/fs.realpath-1.0.0.tgz"
  integrity sha1-FQStJSMVjKpA20onh8sBQRmU6k8=

glob@^7.1.1:
  version "7.1.2"
  resolved "https://registry.npmjs.org/glob/-/glob-7.1.2.tgz"
  integrity sha1-wZyd+aAocC1nhhI4SmVSQExjbRU=
  dependencies:
    fs.realpath "^1.0.0"
    inflight "^1.0.4"
    inherits "2"
    minimatch "^3.0.4"
    once "^1.3.0"
    path-is-absolute "^1.0.0"

he@1.1.x:
  version "1.1.1"
  resolved "https://registry.npmjs.org/he/-/he-1.1.1.tgz"
  integrity sha1-k0EP0hsAlzUVH4howvJx80J+I/0=

html-minifier@^3.0.1:
  version "3.5.15"
  resolved "https://registry.npmjs.org/html-minifier/-/html-minifier-3.5.15.tgz"
  integrity sha512-OZa4rfb6tZOZ3Z8Xf0jKxXkiDcFWldQePGYFDcgKqES2sXeWaEv9y6QQvWUtX3ySI3feApQi5uCsHLINQ6NoAw==
  dependencies:
    camel-case "3.0.x"
    clean-css "4.1.x"
    commander "2.15.x"
    he "1.1.x"
    param-case "2.1.x"
    relateurl "0.2.x"
    uglify-js "3.3.x"

htmlparser2@3.8.x:
  version "3.8.3"
  resolved "https://registry.npmjs.org/htmlparser2/-/htmlparser2-3.8.3.tgz"
  integrity sha1-mWwosZFRaovoZQGn15dX5ccMEGg=
  dependencies:
    domelementtype "1"
    domhandler "2.3"
    domutils "1.5"
    entities "1.0"
    readable-stream "1.1"

inflight@^1.0.4:
  version "1.0.6"
  resolved "https://registry.npmjs.org/inflight/-/inflight-1.0.6.tgz"
  integrity sha1-Sb1jMdfQLQwJvJEKEHW6gWW1bfk=
  dependencies:
    once "^1.3.0"
    wrappy "1"

inherits@~2.0.1, inherits@2:
  version "2.0.3"
  resolved "https://registry.npmjs.org/inherits/-/inherits-2.0.3.tgz"
  integrity sha1-Yzwsg+PaQqUC9SRmAiSA9CCCYd4=

"intro.js@file:":
  version "2.9.3"
  resolved "file:"
  dependencies:
    intro.js "file:"

isarray@0.0.1:
  version "0.0.1"
  resolved "https://registry.npmjs.org/isarray/-/isarray-0.0.1.tgz"
  integrity sha1-ihis/Kmo9Bd+Cav8YDiTmwXR7t8=

ischanged@~1.0.7:
  version "1.0.18"
  resolved "https://registry.npmjs.org/ischanged/-/ischanged-1.0.18.tgz"
  integrity sha1-IFZ/pssBgcVrme2zz8GMrbGWYcQ=
  dependencies:
    checkup "~1.3.0"
    debug "^2.3.0"
    mkdirp "~0.5.0"
    readjson "~1.1.0"
    timem "~1.1.0"
    writejson "~1.1.0"

jshint@^2.9.5:
  version "2.9.5"
  resolved "https://registry.npmjs.org/jshint/-/jshint-2.9.5.tgz"
  integrity sha1-HnJSkVzmgbQIJ+4UJIxG006apiw=
  dependencies:
    cli "~1.0.0"
    console-browserify "1.1.x"
    exit "0.1.x"
    htmlparser2 "3.8.x"
    lodash "3.7.x"
    minimatch "~3.0.2"
    shelljs "0.3.x"
    strip-json-comments "1.0.x"

lodash@3.7.x:
  version "3.7.0"
  resolved "https://registry.npmjs.org/lodash/-/lodash-3.7.0.tgz"
  integrity sha1-Nni9irmVBXwHreg27S7wh9qBHUU=

lower-case@^1.1.1:
  version "1.1.4"
  resolved "https://registry.npmjs.org/lower-case/-/lower-case-1.1.4.tgz"
  integrity sha1-miyr0bno4K6ZOkv31YdcOcQujqw=

minify@^3.0.5:
  version "3.0.5"
  resolved "https://registry.npmjs.org/minify/-/minify-3.0.5.tgz"
  integrity sha512-siVF3AQ4G1ihgQ15su9aiZ+2XIgs0SKPq4f8apvhdKl+hms8Z+D7uzJ5a50xC7de18Xoqqw7hGn2kfMJP5qcpA==
  dependencies:
    clean-css "^4.1.6"
    css-b64-images "~0.2.5"
    debug "^3.0.0"
    execon "^1.2.9"
    html-minifier "^3.0.1"
    tomas "^2.0.0"
    try-catch "^2.0.0"
    uglify-js "^3.0.3"

minimatch@^3.0.4, minimatch@~3.0.2:
  version "3.0.4"
  resolved "https://registry.npmjs.org/minimatch/-/minimatch-3.0.4.tgz"
  integrity sha1-UWbihkV/AzBgZL5Ul+jbsMPTIIM=
  dependencies:
    brace-expansion "^1.1.7"

minimist@0.0.8:
  version "0.0.8"
  resolved "https://registry.npmjs.org/minimist/-/minimist-0.0.8.tgz"
  integrity sha1-hX/Kv8M5fSYluCKCYuhqp6ARsF0=

mkdirp@~0.5.0:
  version "0.5.1"
  resolved "https://registry.npmjs.org/mkdirp/-/mkdirp-0.5.1.tgz"
  integrity sha1-MAV0OOrGz3+MR2fzhkjWaX11yQM=
  dependencies:
    minimist "0.0.8"

ms@2.0.0:
  version "2.0.0"
  resolved "https://registry.npmjs.org/ms/-/ms-2.0.0.tgz"
  integrity sha1-VgiurfwAvmwpAd9fmGF4jeDVl8g=

no-case@^2.2.0:
  version "2.3.2"
  resolved "https://registry.npmjs.org/no-case/-/no-case-2.3.2.tgz"
  integrity sha512-rmTZ9kz+f3rCvK2TD1Ue/oZlns7OGoIWP4fc3llxxRXlOkHKoWPPWJOfFYpITabSow43QJbRIoHQXtt10VldyQ==
  dependencies:
    lower-case "^1.1.1"

once@^1.3.0:
  version "1.4.0"
  resolved "https://registry.npmjs.org/once/-/once-1.4.0.tgz"
  integrity sha1-WDsap3WWHUsROsF9nFC6753Xa9E=
  dependencies:
    wrappy "1"

param-case@2.1.x:
  version "2.1.1"
  resolved "https://registry.npmjs.org/param-case/-/param-case-2.1.1.tgz"
  integrity sha1-35T9jPZTHs915r75oIWPvHK+Ikc=
  dependencies:
    no-case "^2.2.0"

path-is-absolute@^1.0.0:
  version "1.0.1"
  resolved "https://registry.npmjs.org/path-is-absolute/-/path-is-absolute-1.0.1.tgz"
  integrity sha1-F0uSaHNVNP+8es5r9TpanhtcX18=

readable-stream@1.1:
  version "1.1.14"
  resolved "https://registry.npmjs.org/readable-stream/-/readable-stream-1.1.14.tgz"
  integrity sha1-fPTFTvZI44EwhMY23SB54WbAgdk=
  dependencies:
    core-util-is "~1.0.0"
    inherits "~2.0.1"
    isarray "0.0.1"
    string_decoder "~0.10.x"

readjson@~1.1.0:
  version "1.1.4"
  resolved "https://registry.npmjs.org/readjson/-/readjson-1.1.4.tgz"
  integrity sha512-H4dRk2S67w3HtE1apnw5wlHpN9qkJ0pen0AcEvyAfnrPfskZIyUOYLXpfN6olDQZI+eUlxg0Yo4lJ2bymujOUA==
  dependencies:
    try-catch "^2.0.0"

relateurl@0.2.x:
  version "0.2.7"
  resolved "https://registry.npmjs.org/relateurl/-/relateurl-0.2.7.tgz"
  integrity sha1-VNvzd+UUQKypCkzSdGANP/LYiKk=

shelljs@0.3.x:
  version "0.3.0"
  resolved "https://registry.npmjs.org/shelljs/-/shelljs-0.3.0.tgz"
  integrity sha1-NZbmMHp4FUT1kfN9phg2DzHbV7E=

source-map@~0.6.1:
  version "0.6.1"
  resolved "https://registry.npmjs.org/source-map/-/source-map-0.6.1.tgz"
  integrity sha512-UjgapumWlbMhkBgzT7Ykc5YXUT46F0iKu8SGXq0bcwP5dz/h0Plj6enJqjz1Zbq2l5WaqYnrVbwWOWMyF3F47g==

source-map@0.5.x:
  version "0.5.7"
  resolved "https://registry.npmjs.org/source-map/-/source-map-0.5.7.tgz"
  integrity sha1-igOdLRAh0i0eoUyA2OpGi6LvP8w=

string_decoder@~0.10.x:
  version "0.10.31"
  resolved "https://registry.npmjs.org/string_decoder/-/string_decoder-0.10.31.tgz"
  integrity sha1-YuIDvEF2bGwoyfyEMB2rHFMQ+pQ=

strip-json-comments@1.0.x:
  version "1.0.4"
  resolved "https://registry.npmjs.org/strip-json-comments/-/strip-json-comments-1.0.4.tgz"
  integrity sha1-HhX7ysl9Pumb8tc7TGVrCCu6+5E=

timem@~1.1.0:
  version "1.1.2"
  resolved "https://registry.npmjs.org/timem/-/timem-1.1.2.tgz"
  integrity sha1-/pMAbCglOo2lxJKZMGmR+kzE9Aw=

tomas@^2.0.0:
  version "2.0.2"
  resolved "https://registry.npmjs.org/tomas/-/tomas-2.0.2.tgz"
  integrity sha512-IqPlPO4ldadauio6iBEHhgOGWzrddtj4PxvVQT9xnjk8w1AQWzCMeWRYcl1oO7DDOecm3pGxjCRQEQfJwiIAgA==
  dependencies:
    checkup "~1.3.0"
    execon "~1.2.0"
    ischanged "~1.0.7"
    mkdirp "~0.5.0"

try-catch@^2.0.0:
  version "2.0.0"
  resolved "https://registry.npmjs.org/try-catch/-/try-catch-2.0.0.tgz"
  integrity sha512-RPXpVjsbtWgymwGq5F/OWDFsjEzdvzwHFaMjWWW6f/p6+uk/N7YSKJHQfIfGqITfj8qH4cBqCLMnhKZBaKk7Kg==

uglify-js@^3.0.3, uglify-js@3.3.x:
  version "3.3.22"
  resolved "https://registry.npmjs.org/uglify-js/-/uglify-js-3.3.22.tgz"
  integrity sha512-tqw96rL6/BG+7LM5VItdhDjTQmL5zG/I0b2RqWytlgeHe2eydZHuBHdA9vuGpCDhH/ZskNGcqDhivoR2xt8RIw==
  dependencies:
    commander "~2.15.0"
    source-map "~0.6.1"

upper-case@^1.1.1:
  version "1.1.3"
  resolved "https://registry.npmjs.org/upper-case/-/upper-case-1.1.3.tgz"
  integrity sha1-9rRQHC7EzdJrp4vnIilh3ndiFZg=

wrappy@1:
  version "1.0.2"
  resolved "https://registry.npmjs.org/wrappy/-/wrappy-1.0.2.tgz"
  integrity sha1-tSQ9jz7BqjXxNkYFvA0QNuMKtp8=

writejson@~1.1.0:
  version "1.1.2"
  resolved "https://registry.npmjs.org/writejson/-/writejson-1.1.2.tgz"
  integrity sha512-5iMR/5y0z7VUNI3S+wRWiu02VnbwuPzrwnUbopJA2sz1kWvSm6Phz/1ahbgQ76SO1HGB9d/RI+44rEcBFtZbMw==
  dependencies:
    try-catch "^2.0.0"
